
Microsoft Visual Studio Solution File, Format Version 12.00
# Visual Studio Version 16
VisualStudioVersion = 16.0.30804.86
MinimumVisualStudioVersion = 10.0.40219.1
Project("{FAE04EC0-301F-11D3-BF4B-00C04F79EFBC}") = "ConsoleApp1", "ConsoleApp1\ConsoleApp1.csproj", "{D471FF78-DFDD-4050-845E-303BF1F08175}"
EndProject
Global
	GlobalSection(SolutionConfigurationPlatforms) = preSolution
		Debug|Any CPU = Debug|Any CPU
		Release|Any CPU = Release|Any CPU
	EndGlobalSection
	GlobalSection(ProjectConfigurationPlatforms) = postSolution
		{D471FF78-DFDD-4050-845E-303BF1F08175}.Debug|Any CPU.ActiveCfg = Debug|Any CPU
		{D471FF78-DFDD-4050-845E-303BF1F08175}.Debug|Any CPU.Build.0 = Debug|Any CPU
		{D471FF78-DFDD-4050-845E-303BF1F08175}.Release|Any CPU.ActiveCfg = Release|Any CPU
		{D471FF78-DFDD-4050-845E-303BF1F08175}.Release|Any CPU.Build.0 = Release|Any CPU
	EndGlobalSection
	GlobalSection(SolutionProperties) = preSolution
		HideSolutionNode = FALSE
	EndGlobalSection
	GlobalSection(ExtensibilityGlobals) = postSolution
		SolutionGuid = {9DE4749D-695F-4F68-91B7-AC054388593C}
	EndGlobalSection
EndGlobal
